
Microsoft Visual Studio Solution File, Format Version 12.00
# Visual Studio Version 16
VisualStudioVersion = 16.0.31025.194
MinimumVisualStudioVersion = 10.0.40219.1
Project("{9A19103F-16F7-4668-BE54-9A1E7A4F7556}") = "Quacker.Web", "Quacker.Web\Quacker.Web.csproj", "{78BEDC84-2667-46E0-A100-097D0A7A983B}"
EndProject
Project("{9A19103F-16F7-4668-BE54-9A1E7A4F7556}") = "Quacker.Dal", "Quacker.Dal\Quacker.Dal.csproj", "{A6305935-B12B-426C-940E-DB506934CFC9}"
EndProject
Global
	GlobalSection(SolutionConfigurationPlatforms) = preSolution
		Debug|Any CPU = Debug|Any CPU
		Release|Any CPU = Release|Any CPU
	EndGlobalSection
	GlobalSection(ProjectConfigurationPlatforms) = postSolution
		{78BEDC84-2667-46E0-A100-097D0A7A983B}.Debug|Any CPU.ActiveCfg = Debug|Any CPU
		{78BEDC84-2667-46E0-A100-097D0A7A983B}.Debug|Any CPU.Build.0 = Debug|Any CPU
		{78BEDC84-2667-46E0-A100-097D0A7A983B}.Release|Any CPU.ActiveCfg = Release|Any CPU
		{78BEDC84-2667-46E0-A100-097D0A7A983B}.Release|Any CPU.Build.0 = Release|Any CPU
		{A6305935-B12B-426C-940E-DB506934CFC9}.Debug|Any CPU.ActiveCfg = Debug|Any CPU
		{A6305935-B12B-426C-940E-DB506934CFC9}.Debug|Any CPU.Build.0 = Debug|Any CPU
		{A6305935-B12B-426C-940E-DB506934CFC9}.Release|Any CPU.ActiveCfg = Release|Any CPU
		{A6305935-B12B-426C-940E-DB506934CFC9}.Release|Any CPU.Build.0 = Release|Any CPU
	EndGlobalSection
	GlobalSection(SolutionProperties) = preSolution
		HideSolutionNode = FALSE
	EndGlobalSection
	GlobalSection(ExtensibilityGlobals) = postSolution
		SolutionGuid = {CD7181BB-7002-4736-8347-DC9AAE6C41C3}
	EndGlobalSection
EndGlobal
